
Microsoft Visual Studio Solution File, Format Version 12.00
# Visual Studio Version 17
VisualStudioVersion = 17.11.35303.130
MinimumVisualStudioVersion = 10.0.40219.1
Project("{FAE04EC0-301F-11D3-BF4B-00C04F79EFBC}") = "2280600079_NguyenHoangAnh", "2280600079_NguyenHoangAnh\2280600079_NguyenHoangAnh.csproj", "{95C3C31A-004D-4456-883C-42AFC81E1E21}"
EndProject
Global
	GlobalSection(SolutionConfigurationPlatforms) = preSolution
		Debug|Any CPU = Debug|Any CPU
		Release|Any CPU = Release|Any CPU
	EndGlobalSection
	GlobalSection(ProjectConfigurationPlatforms) = postSolution
		{95C3C31A-004D-4456-883C-42AFC81E1E21}.Debug|Any CPU.ActiveCfg = Debug|Any CPU
		{95C3C31A-004D-4456-883C-42AFC81E1E21}.Debug|Any CPU.Build.0 = Debug|Any CPU
		{95C3C31A-004D-4456-883C-42AFC81E1E21}.Release|Any CPU.ActiveCfg = Release|Any CPU
		{95C3C31A-004D-4456-883C-42AFC81E1E21}.Release|Any CPU.Build.0 = Release|Any CPU
	EndGlobalSection
	GlobalSection(SolutionProperties) = preSolution
		HideSolutionNode = FALSE
	EndGlobalSection
	GlobalSection(ExtensibilityGlobals) = postSolution
		SolutionGuid = {3B77C556-F0BC-478B-9BCC-D52266A25B38}
	EndGlobalSection
EndGlobal
